
Microsoft Visual Studio Solution File, Format Version 12.00
# Visual Studio 15
VisualStudioVersion = 15.0.28307.136
MinimumVisualStudioVersion = 10.0.40219.1
Project("{FAE04EC0-301F-11D3-BF4B-00C04F79EFBC}") = "repositoryfs-memory", "repositoryfs-memory\repositoryfs-memory.csproj", "{284E9A9D-F2A5-4F9F-8BE9-4CD531690EE4}"
EndProject
Global
	GlobalSection(SolutionConfigurationPlatforms) = preSolution
		Debug|Any CPU = Debug|Any CPU
		Release|Any CPU = Release|Any CPU
	EndGlobalSection
	GlobalSection(ProjectConfigurationPlatforms) = postSolution
		{284E9A9D-F2A5-4F9F-8BE9-4CD531690EE4}.Debug|Any CPU.ActiveCfg = Debug|Any CPU
		{284E9A9D-F2A5-4F9F-8BE9-4CD531690EE4}.Debug|Any CPU.Build.0 = Debug|Any CPU
		{284E9A9D-F2A5-4F9F-8BE9-4CD531690EE4}.Release|Any CPU.ActiveCfg = Release|Any CPU
		{284E9A9D-F2A5-4F9F-8BE9-4CD531690EE4}.Release|Any CPU.Build.0 = Release|Any CPU
	EndGlobalSection
	GlobalSection(SolutionProperties) = preSolution
		HideSolutionNode = FALSE
	EndGlobalSection
	GlobalSection(ExtensibilityGlobals) = postSolution
		SolutionGuid = {99CBF749-E57E-45F5-86AB-A985799A1316}
	EndGlobalSection
EndGlobal
